// !$*UTF8*$!
{
	archiveVersion = 1;
	classes = {
	};
	objectVersion = 55;
	objects = {

/* Begin PBXBuildFile section */
		BD26E32B27F2B84C00883A99 /* Model.swift in Sources */ = {isa = PBXBuildFile; fileRef = BD26E32A27F2B84C00883A99 /* Model.swift */; };
		BD26E32C27F2B84C00883A99 /* Model.swift in Sources */ = {isa = PBXBuildFile; fileRef = BD26E32A27F2B84C00883A99 /* Model.swift */; };
		BD26E32E27F2BECC00883A99 /* RecipeView.swift in Sources */ = {isa = PBXBuildFile; fileRef = BD26E32D27F2BECC00883A99 /* RecipeView.swift */; };
		BD26E32F27F2BECC00883A99 /* RecipeView.swift in Sources */ = {isa = PBXBuildFile; fileRef = BD26E32D27F2BECC00883A99 /* RecipeView.swift */; };
		BD4A6A3927E2DF5100978700 /* DashboardView.swift in Sources */ = {isa = PBXBuildFile; fileRef = BD4A6A3827E2DF5100978700 /* DashboardView.swift */; };
		BD4A6A3A27E2DF5100978700 /* DashboardView.swift in Sources */ = {isa = PBXBuildFile; fileRef = BD4A6A3827E2DF5100978700 /* DashboardView.swift */; };
		BD4A6A3D27E2DF8B00978700 /* FilterView.swift in Sources */ = {isa = PBXBuildFile; fileRef = BD4A6A3C27E2DF8B00978700 /* FilterView.swift */; };
		BD4A6A3E27E2DF8B00978700 /* FilterView.swift in Sources */ = {isa = PBXBuildFile; fileRef = BD4A6A3C27E2DF8B00978700 /* FilterView.swift */; };
		BD757AAA27F3885300ECEC18 /* Colors.swift in Sources */ = {isa = PBXBuildFile; fileRef = BD757AA927F3885300ECEC18 /* Colors.swift */; };
		BD757AAB27F3885300ECEC18 /* Colors.swift in Sources */ = {isa = PBXBuildFile; fileRef = BD757AA927F3885300ECEC18 /* Colors.swift */; };
		BDADBF2928162A7100547970 /* RecipeListItem.swift in Sources */ = {isa = PBXBuildFile; fileRef = BDADBF2828162A7100547970 /* RecipeListItem.swift */; };
		BDADBF2A28162A7100547970 /* RecipeListItem.swift in Sources */ = {isa = PBXBuildFile; fileRef = BDADBF2828162A7100547970 /* RecipeListItem.swift */; };
		BDADBF2C28162B7B00547970 /* CustomToggle.swift in Sources */ = {isa = PBXBuildFile; fileRef = BDADBF2B28162B7B00547970 /* CustomToggle.swift */; };
		BDADBF2D28162B7B00547970 /* CustomToggle.swift in Sources */ = {isa = PBXBuildFile; fileRef = BDADBF2B28162B7B00547970 /* CustomToggle.swift */; };
		BDF76D5E27E0240A0004C3EB /* mealplanApp.swift in Sources */ = {isa = PBXBuildFile; fileRef = BDF76D4E27E024090004C3EB /* mealplanApp.swift */; };
		BDF76D5F27E0240A0004C3EB /* mealplanApp.swift in Sources */ = {isa = PBXBuildFile; fileRef = BDF76D4E27E024090004C3EB /* mealplanApp.swift */; };
		BDF76D6027E0240A0004C3EB /* ContentView.swift in Sources */ = {isa = PBXBuildFile; fileRef = BDF76D4F27E024090004C3EB /* ContentView.swift */; };
		BDF76D6127E0240A0004C3EB /* ContentView.swift in Sources */ = {isa = PBXBuildFile; fileRef = BDF76D4F27E024090004C3EB /* ContentView.swift */; };
		BDF76D6227E0240A0004C3EB /* Assets.xcassets in Resources */ = {isa = PBXBuildFile; fileRef = BDF76D5027E0240A0004C3EB /* Assets.xcassets */; };
		BDF76D6327E0240A0004C3EB /* Assets.xcassets in Resources */ = {isa = PBXBuildFile; fileRef = BDF76D5027E0240A0004C3EB /* Assets.xcassets */; };
		BDF76D6D27E024E70004C3EB /* WelcomeView.swift in Sources */ = {isa = PBXBuildFile; fileRef = BDF76D6C27E024E70004C3EB /* WelcomeView.swift */; };
		BDF76D6E27E024E70004C3EB /* WelcomeView.swift in Sources */ = {isa = PBXBuildFile; fileRef = BDF76D6C27E024E70004C3EB /* WelcomeView.swift */; };
		BDF76D7027E042160004C3EB /* Welcome_Account.swift in Sources */ = {isa = PBXBuildFile; fileRef = BDF76D6F27E042160004C3EB /* Welcome_Account.swift */; };
		BDF76D7127E042160004C3EB /* Welcome_Account.swift in Sources */ = {isa = PBXBuildFile; fileRef = BDF76D6F27E042160004C3EB /* Welcome_Account.swift */; };
		BDF76D7327E042290004C3EB /* Welcome_Body.swift in Sources */ = {isa = PBXBuildFile; fileRef = BDF76D7227E042290004C3EB /* Welcome_Body.swift */; };
		BDF76D7427E042290004C3EB /* Welcome_Body.swift in Sources */ = {isa = PBXBuildFile; fileRef = BDF76D7227E042290004C3EB /* Welcome_Body.swift */; };
		BDF76D7627E042310004C3EB /* Welcome_Allergens.swift in Sources */ = {isa = PBXBuildFile; fileRef = BDF76D7527E042310004C3EB /* Welcome_Allergens.swift */; };
		BDF76D7727E042310004C3EB /* Welcome_Allergens.swift in Sources */ = {isa = PBXBuildFile; fileRef = BDF76D7527E042310004C3EB /* Welcome_Allergens.swift */; };
		BDF76D7927E042420004C3EB /* Welcome_Goals.swift in Sources */ = {isa = PBXBuildFile; fileRef = BDF76D7827E042420004C3EB /* Welcome_Goals.swift */; };
		BDF76D7A27E042420004C3EB /* Welcome_Goals.swift in Sources */ = {isa = PBXBuildFile; fileRef = BDF76D7827E042420004C3EB /* Welcome_Goals.swift */; };
		BDF76D7D27E044030004C3EB /* Welcome_PersonalDetails.swift in Sources */ = {isa = PBXBuildFile; fileRef = BDF76D7C27E044030004C3EB /* Welcome_PersonalDetails.swift */; };
		BDF76D7E27E044030004C3EB /* Welcome_PersonalDetails.swift in Sources */ = {isa = PBXBuildFile; fileRef = BDF76D7C27E044030004C3EB /* Welcome_PersonalDetails.swift */; };
/* End PBXBuildFile section */

/* Begin PBXFileReference section */
		BD26E32A27F2B84C00883A99 /* Model.swift */ = {isa = PBXFileReference; lastKnownFileType = sourcecode.swift; path = Model.swift; sourceTree = "<group>"; };
		BD26E32D27F2BECC00883A99 /* RecipeView.swift */ = {isa = PBXFileReference; lastKnownFileType = sourcecode.swift; path = RecipeView.swift; sourceTree = "<group>"; };
		BD4A6A3827E2DF5100978700 /* DashboardView.swift */ = {isa = PBXFileReference; lastKnownFileType = sourcecode.swift; path = DashboardView.swift; sourceTree = "<group>"; };
		BD4A6A3C27E2DF8B00978700 /* FilterView.swift */ = {isa = PBXFileReference; lastKnownFileType = sourcecode.swift; path = FilterView.swift; sourceTree = "<group>"; };
		BD757AA927F3885300ECEC18 /* Colors.swift */ = {isa = PBXFileReference; lastKnownFileType = sourcecode.swift; path = Colors.swift; sourceTree = "<group>"; };
		BDADBF2828162A7100547970 /* RecipeListItem.swift */ = {isa = PBXFileReference; lastKnownFileType = sourcecode.swift; path = RecipeListItem.swift; sourceTree = "<group>"; };
		BDADBF2B28162B7B00547970 /* CustomToggle.swift */ = {isa = PBXFileReference; lastKnownFileType = sourcecode.swift; path = CustomToggle.swift; sourceTree = "<group>"; };
		BDF76D4E27E024090004C3EB /* mealplanApp.swift */ = {isa = PBXFileReference; lastKnownFileType = sourcecode.swift; path = mealplanApp.swift; sourceTree = "<group>"; };
		BDF76D4F27E024090004C3EB /* ContentView.swift */ = {isa = PBXFileReference; lastKnownFileType = sourcecode.swift; path = ContentView.swift; sourceTree = "<group>"; };
		BDF76D5027E0240A0004C3EB /* Assets.xcassets */ = {isa = PBXFileReference; lastKnownFileType = folder.assetcatalog; path = Assets.xcassets; sourceTree = "<group>"; };
		BDF76D5527E0240A0004C3EB /* mealplan.app */ = {isa = PBXFileReference; explicitFileType = wrapper.application; includeInIndex = 0; path = mealplan.app; sourceTree = BUILT_PRODUCTS_DIR; };
		BDF76D5B27E0240A0004C3EB /* mealplan.app */ = {isa = PBXFileReference; explicitFileType = wrapper.application; includeInIndex = 0; path = mealplan.app; sourceTree = BUILT_PRODUCTS_DIR; };
		BDF76D5D27E0240A0004C3EB /* macOS.entitlements */ = {isa = PBXFileReference; lastKnownFileType = text.plist.entitlements; path = macOS.entitlements; sourceTree = "<group>"; };
		BDF76D6C27E024E70004C3EB /* WelcomeView.swift */ = {isa = PBXFileReference; lastKnownFileType = sourcecode.swift; path = WelcomeView.swift; sourceTree = "<group>"; };
		BDF76D6F27E042160004C3EB /* Welcome_Account.swift */ = {isa = PBXFileReference; lastKnownFileType = sourcecode.swift; path = Welcome_Account.swift; sourceTree = "<group>"; };
		BDF76D7227E042290004C3EB /* Welcome_Body.swift */ = {isa = PBXFileReference; lastKnownFileType = sourcecode.swift; path = Welcome_Body.swift; sourceTree = "<group>"; };
		BDF76D7527E042310004C3EB /* Welcome_Allergens.swift */ = {isa = PBXFileReference; lastKnownFileType = sourcecode.swift; path = Welcome_Allergens.swift; sourceTree = "<group>"; };
		BDF76D7827E042420004C3EB /* Welcome_Goals.swift */ = {isa = PBXFileReference; lastKnownFileType = sourcecode.swift; path = Welcome_Goals.swift; sourceTree = "<group>"; };
		BDF76D7C27E044030004C3EB /* Welcome_PersonalDetails.swift */ = {isa = PBXFileReference; lastKnownFileType = sourcecode.swift; path = Welcome_PersonalDetails.swift; sourceTree = "<group>"; };
/* End PBXFileReference section */

/* Begin PBXFrameworksBuildPhase section */
		BDF76D5227E0240A0004C3EB /* Frameworks */ = {
			isa = PBXFrameworksBuildPhase;
			buildActionMask = 2147483647;
			files = (
			);
			runOnlyForDeploymentPostprocessing = 0;
		};
		BDF76D5827E0240A0004C3EB /* Frameworks */ = {
			isa = PBXFrameworksBuildPhase;
			buildActionMask = 2147483647;
			files = (
			);
			runOnlyForDeploymentPostprocessing = 0;
		};
/* End PBXFrameworksBuildPhase section */

/* Begin PBXGroup section */
		BD4A6A3B27E2DF5E00978700 /* Dashboard View */ = {
			isa = PBXGroup;
			children = (
				BD4A6A3827E2DF5100978700 /* DashboardView.swift */,
				BDADBF2B28162B7B00547970 /* CustomToggle.swift */,
				BDADBF2828162A7100547970 /* RecipeListItem.swift */,
				BD26E32D27F2BECC00883A99 /* RecipeView.swift */,
			);
			name = "Dashboard View";
			sourceTree = "<group>";
		};
		BD4A6A3F27E2DF9600978700 /* FilterView */ = {
			isa = PBXGroup;
			children = (
				BD4A6A3C27E2DF8B00978700 /* FilterView.swift */,
			);
			path = FilterView;
			sourceTree = "<group>";
		};
		BDF76D4827E024090004C3EB = {
			isa = PBXGroup;
			children = (
				BDF76D4D27E024090004C3EB /* Shared */,
				BDF76D5C27E0240A0004C3EB /* macOS */,
				BDF76D5627E0240A0004C3EB /* Products */,
			);
			sourceTree = "<group>";
		};
		BDF76D4D27E024090004C3EB /* Shared */ = {
			isa = PBXGroup;
			children = (
				BDF76D4E27E024090004C3EB /* mealplanApp.swift */,
				BDF76D4F27E024090004C3EB /* ContentView.swift */,
				BD757AA927F3885300ECEC18 /* Colors.swift */,
				BD26E32A27F2B84C00883A99 /* Model.swift */,
				BD4A6A3F27E2DF9600978700 /* FilterView */,
				BD4A6A3B27E2DF5E00978700 /* Dashboard View */,
				BDF76D7B27E0424A0004C3EB /* Welcome View */,
				BDF76D5027E0240A0004C3EB /* Assets.xcassets */,
			);
			path = Shared;
			sourceTree = "<group>";
		};
		BDF76D5627E0240A0004C3EB /* Products */ = {
			isa = PBXGroup;
			children = (
				BDF76D5527E0240A0004C3EB /* mealplan.app */,
				BDF76D5B27E0240A0004C3EB /* mealplan.app */,
			);
			name = Products;
			sourceTree = "<group>";
		};
		BDF76D5C27E0240A0004C3EB /* macOS */ = {
			isa = PBXGroup;
			children = (
				BDF76D5D27E0240A0004C3EB /* macOS.entitlements */,
			);
			path = macOS;
			sourceTree = "<group>";
		};
		BDF76D7B27E0424A0004C3EB /* Welcome View */ = {
			isa = PBXGroup;
			children = (
				BDF76D6C27E024E70004C3EB /* WelcomeView.swift */,
				BDF76D7827E042420004C3EB /* Welcome_Goals.swift */,
				BDF76D7527E042310004C3EB /* Welcome_Allergens.swift */,
				BDF76D7227E042290004C3EB /* Welcome_Body.swift */,
				BDF76D6F27E042160004C3EB /* Welcome_Account.swift */,
				BDF76D7C27E044030004C3EB /* Welcome_PersonalDetails.swift */,
			);
			path = "Welcome View";
			sourceTree = "<group>";
		};
/* End PBXGroup section */

/* Begin PBXNativeTarget section */
		BDF76D5427E0240A0004C3EB /* mealplan (iOS) */ = {
			isa = PBXNativeTarget;
			buildConfigurationList = BDF76D6627E0240A0004C3EB /* Build configuration list for PBXNativeTarget "mealplan (iOS)" */;
			buildPhases = (
				BDF76D5127E0240A0004C3EB /* Sources */,
				BDF76D5227E0240A0004C3EB /* Frameworks */,
				BDF76D5327E0240A0004C3EB /* Resources */,
			);
			buildRules = (
			);
			dependencies = (
			);
			name = "mealplan (iOS)";
			productName = "mealplan (iOS)";
			productReference = BDF76D5527E0240A0004C3EB /* mealplan.app */;
			productType = "com.apple.product-type.application";
		};
		BDF76D5A27E0240A0004C3EB /* mealplan (macOS) */ = {
			isa = PBXNativeTarget;
			buildConfigurationList = BDF76D6927E0240A0004C3EB /* Build configuration list for PBXNativeTarget "mealplan (macOS)" */;
			buildPhases = (
				BDF76D5727E0240A0004C3EB /* Sources */,
				BDF76D5827E0240A0004C3EB /* Frameworks */,
				BDF76D5927E0240A0004C3EB /* Resources */,
			);
			buildRules = (
			);
			dependencies = (
			);
			name = "mealplan (macOS)";
			productName = "mealplan (macOS)";
			productReference = BDF76D5B27E0240A0004C3EB /* mealplan.app */;
			productType = "com.apple.product-type.application";
		};
/* End PBXNativeTarget section */

/* Begin PBXProject section */
		BDF76D4927E024090004C3EB /* Project object */ = {
			isa = PBXProject;
			attributes = {
				BuildIndependentTargetsInParallel = 1;
				LastSwiftUpdateCheck = 1320;
				LastUpgradeCheck = 1320;
				TargetAttributes = {
					BDF76D5427E0240A0004C3EB = {
						CreatedOnToolsVersion = 13.2.1;
					};
					BDF76D5A27E0240A0004C3EB = {
						CreatedOnToolsVersion = 13.2.1;
					};
				};
			};
			buildConfigurationList = BDF76D4C27E024090004C3EB /* Build configuration list for PBXProject "mealplan" */;
			compatibilityVersion = "Xcode 13.0";
			developmentRegion = en;
			hasScannedForEncodings = 0;
			knownRegions = (
				en,
				Base,
			);
			mainGroup = BDF76D4827E024090004C3EB;
			productRefGroup = BDF76D5627E0240A0004C3EB /* Products */;
			projectDirPath = "";
			projectRoot = "";
			targets = (
				BDF76D5427E0240A0004C3EB /* mealplan (iOS) */,
				BDF76D5A27E0240A0004C3EB /* mealplan (macOS) */,
			);
		};
/* End PBXProject section */

/* Begin PBXResourcesBuildPhase section */
		BDF76D5327E0240A0004C3EB /* Resources */ = {
			isa = PBXResourcesBuildPhase;
			buildActionMask = 2147483647;
			files = (
				BDF76D6227E0240A0004C3EB /* Assets.xcassets in Resources */,
			);
			runOnlyForDeploymentPostprocessing = 0;
		};
		BDF76D5927E0240A0004C3EB /* Resources */ = {
			isa = PBXResourcesBuildPhase;
			buildActionMask = 2147483647;
			files = (
				BDF76D6327E0240A0004C3EB /* Assets.xcassets in Resources */,
			);
			runOnlyForDeploymentPostprocessing = 0;
		};
/* End PBXResourcesBuildPhase section */

/* Begin PBXSourcesBuildPhase section */
		BDF76D5127E0240A0004C3EB /* Sources */ = {
			isa = PBXSourcesBuildPhase;
			buildActionMask = 2147483647;
			files = (
				BDF76D6027E0240A0004C3EB /* ContentView.swift in Sources */,
				BDF76D6D27E024E70004C3EB /* WelcomeView.swift in Sources */,
				BDF76D7927E042420004C3EB /* Welcome_Goals.swift in Sources */,
				BDF76D5E27E0240A0004C3EB /* mealplanApp.swift in Sources */,
				BD4A6A3927E2DF5100978700 /* DashboardView.swift in Sources */,
				BDF76D7327E042290004C3EB /* Welcome_Body.swift in Sources */,
				BDADBF2928162A7100547970 /* RecipeListItem.swift in Sources */,
				BD26E32E27F2BECC00883A99 /* RecipeView.swift in Sources */,
				BDF76D7D27E044030004C3EB /* Welcome_PersonalDetails.swift in Sources */,
				BD757AAA27F3885300ECEC18 /* Colors.swift in Sources */,
				BDF76D7627E042310004C3EB /* Welcome_Allergens.swift in Sources */,
				BD26E32B27F2B84C00883A99 /* Model.swift in Sources */,
				BDADBF2C28162B7B00547970 /* CustomToggle.swift in Sources */,
				BD4A6A3D27E2DF8B00978700 /* FilterView.swift in Sources */,
				BDF76D7027E042160004C3EB /* Welcome_Account.swift in Sources */,
			);
			runOnlyForDeploymentPostprocessing = 0;
		};
		BDF76D5727E0240A0004C3EB /* Sources */ = {
			isa = PBXSourcesBuildPhase;
			buildActionMask = 2147483647;
			files = (
				BDF76D6127E0240A0004C3EB /* ContentView.swift in Sources */,
				BDF76D6E27E024E70004C3EB /* WelcomeView.swift in Sources */,
				BDF76D7A27E042420004C3EB /* Welcome_Goals.swift in Sources */,
				BDF76D5F27E0240A0004C3EB /* mealplanApp.swift in Sources */,
				BD4A6A3A27E2DF5100978700 /* DashboardView.swift in Sources */,
				BDF76D7427E042290004C3EB /* Welcome_Body.swift in Sources */,
				BDADBF2A28162A7100547970 /* RecipeListItem.swift in Sources */,
				BD26E32F27F2BECC00883A99 /* RecipeView.swift in Sources */,
				BDF76D7E27E044030004C3EB /* Welcome_PersonalDetails.swift in Sources */,
				BD757AAB27F3885300ECEC18 /* Colors.swift in Sources */,
				BDF76D7727E042310004C3EB /* Welcome_Allergens.swift in Sources */,
				BD26E32C27F2B84C00883A99 /* Model.swift in Sources */,
				BDADBF2D28162B7B00547970 /* CustomToggle.swift in Sources */,
				BD4A6A3E27E2DF8B00978700 /* FilterView.swift in Sources */,
				BDF76D7127E042160004C3EB /* Welcome_Account.swift in Sources */,
			);
			runOnlyForDeploymentPostprocessing = 0;
		};
/* End PBXSourcesBuildPhase section */

/* Begin XCBuildConfiguration section */
		BDF76D6427E0240A0004C3EB /* Debug */ = {
			isa = XCBuildConfiguration;
			buildSettings = {
				ALWAYS_SEARCH_USER_PATHS = NO;
				CLANG_ANALYZER_NONNULL = YES;
				CLANG_ANALYZER_NUMBER_OBJECT_CONVERSION = YES_AGGRESSIVE;
				CLANG_CXX_LANGUAGE_STANDARD = "gnu++17";
				CLANG_CXX_LIBRARY = "libc++";
				CLANG_ENABLE_MODULES = YES;
				CLANG_ENABLE_OBJC_ARC = YES;
				CLANG_ENABLE_OBJC_WEAK = YES;
				CLANG_WARN_BLOCK_CAPTURE_AUTORELEASING = YES;
				CLANG_WARN_BOOL_CONVERSION = YES;
				CLANG_WARN_COMMA = YES;
				CLANG_WARN_CONSTANT_CONVERSION = YES;
				CLANG_WARN_DEPRECATED_OBJC_IMPLEMENTATIONS = YES;
				CLANG_WARN_DIRECT_OBJC_ISA_USAGE = YES_ERROR;
				CLANG_WARN_DOCUMENTATION_COMMENTS = YES;
				CLANG_WARN_EMPTY_BODY = YES;
				CLANG_WARN_ENUM_CONVERSION = YES;
				CLANG_WARN_INFINITE_RECURSION = YES;
				CLANG_WARN_INT_CONVERSION = YES;
				CLANG_WARN_NON_LITERAL_NULL_CONVERSION = YES;
				CLANG_WARN_OBJC_IMPLICIT_RETAIN_SELF = YES;
				CLANG_WARN_OBJC_LITERAL_CONVERSION = YES;
				CLANG_WARN_OBJC_ROOT_CLASS = YES_ERROR;
				CLANG_WARN_QUOTED_INCLUDE_IN_FRAMEWORK_HEADER = YES;
				CLANG_WARN_RANGE_LOOP_ANALYSIS = YES;
				CLANG_WARN_STRICT_PROTOTYPES = YES;
				CLANG_WARN_SUSPICIOUS_MOVE = YES;
				CLANG_WARN_UNGUARDED_AVAILABILITY = YES_AGGRESSIVE;
				CLANG_WARN_UNREACHABLE_CODE = YES;
				CLANG_WARN__DUPLICATE_METHOD_MATCH = YES;
				COPY_PHASE_STRIP = NO;
				DEBUG_INFORMATION_FORMAT = dwarf;
				ENABLE_STRICT_OBJC_MSGSEND = YES;
				ENABLE_TESTABILITY = YES;
				GCC_C_LANGUAGE_STANDARD = gnu11;
				GCC_DYNAMIC_NO_PIC = NO;
				GCC_NO_COMMON_BLOCKS = YES;
				GCC_OPTIMIZATION_LEVEL = 0;
				GCC_PREPROCESSOR_DEFINITIONS = (
					"DEBUG=1",
					"$(inherited)",
				);
				GCC_WARN_64_TO_32_BIT_CONVERSION = YES;
				GCC_WARN_ABOUT_RETURN_TYPE = YES_ERROR;
				GCC_WARN_UNDECLARED_SELECTOR = YES;
				GCC_WARN_UNINITIALIZED_AUTOS = YES_AGGRESSIVE;
				GCC_WARN_UNUSED_FUNCTION = YES;
				GCC_WARN_UNUSED_VARIABLE = YES;
				MTL_ENABLE_DEBUG_INFO = INCLUDE_SOURCE;
				MTL_FAST_MATH = YES;
				ONLY_ACTIVE_ARCH = YES;
				SWIFT_ACTIVE_COMPILATION_CONDITIONS = DEBUG;
				SWIFT_OPTIMIZATION_LEVEL = "-Onone";
			};
			name = Debug;
		};
		BDF76D6527E0240A0004C3EB /* Release */ = {
			isa = XCBuildConfiguration;
			buildSettings = {
				ALWAYS_SEARCH_USER_PATHS = NO;
				CLANG_ANALYZER_NONNULL = YES;
				CLANG_ANALYZER_NUMBER_OBJECT_CONVERSION = YES_AGGRESSIVE;
				CLANG_CXX_LANGUAGE_STANDARD = "gnu++17";
				CLANG_CXX_LIBRARY = "libc++";
				CLANG_ENABLE_MODULES = YES;
				CLANG_ENABLE_OBJC_ARC = YES;
				CLANG_ENABLE_OBJC_WEAK = YES;
				CLANG_WARN_BLOCK_CAPTURE_AUTORELEASING = YES;
				CLANG_WARN_BOOL_CONVERSION = YES;
				CLANG_WARN_COMMA = YES;
				CLANG_WARN_CONSTANT_CONVERSION = YES;
				CLANG_WARN_DEPRECATED_OBJC_IMPLEMENTATIONS = YES;
				CLANG_WARN_DIRECT_OBJC_ISA_USAGE = YES_ERROR;
				CLANG_WARN_DOCUMENTATION_COMMENTS = YES;
				CLANG_WARN_EMPTY_BODY = YES;
				CLANG_WARN_ENUM_CONVERSION = YES;
				CLANG_WARN_INFINITE_RECURSION = YES;
				CLANG_WARN_INT_CONVERSION = YES;
				CLANG_WARN_NON_LITERAL_NULL_CONVERSION = YES;
				CLANG_WARN_OBJC_IMPLICIT_RETAIN_SELF = YES;
				CLANG_WARN_OBJC_LITERAL_CONVERSION = YES;
				CLANG_WARN_OBJC_ROOT_CLASS = YES_ERROR;
				CLANG_WARN_QUOTED_INCLUDE_IN_FRAMEWORK_HEADER = YES;
				CLANG_WARN_RANGE_LOOP_ANALYSIS = YES;
				CLANG_WARN_STRICT_PROTOTYPES = YES;
				CLANG_WARN_SUSPICIOUS_MOVE = YES;
				CLANG_WARN_UNGUARDED_AVAILABILITY = YES_AGGRESSIVE;
				CLANG_WARN_UNREACHABLE_CODE = YES;
				CLANG_WARN__DUPLICATE_METHOD_MATCH = YES;
				COPY_PHASE_STRIP = NO;
				DEBUG_INFORMATION_FORMAT = "dwarf-with-dsym";
				ENABLE_NS_ASSERTIONS = NO;
				ENABLE_STRICT_OBJC_MSGSEND = YES;
				GCC_C_LANGUAGE_STANDARD = gnu11;
				GCC_NO_COMMON_BLOCKS = YES;
				GCC_WARN_64_TO_32_BIT_CONVERSION = YES;
				GCC_WARN_ABOUT_RETURN_TYPE = YES_ERROR;
				GCC_WARN_UNDECLARED_SELECTOR = YES;
				GCC_WARN_UNINITIALIZED_AUTOS = YES_AGGRESSIVE;
				GCC_WARN_UNUSED_FUNCTION = YES;
				GCC_WARN_UNUSED_VARIABLE = YES;
				MTL_ENABLE_DEBUG_INFO = NO;
				MTL_FAST_MATH = YES;
				SWIFT_COMPILATION_MODE = wholemodule;
				SWIFT_OPTIMIZATION_LEVEL = "-O";
			};
			name = Release;
		};
		BDF76D6727E0240A0004C3EB /* Debug */ = {
			isa = XCBuildConfiguration;
			buildSettings = {
				ASSETCATALOG_COMPILER_APPICON_NAME = AppIcon;
				ASSETCATALOG_COMPILER_GLOBAL_ACCENT_COLOR_NAME = AccentColor;
				CODE_SIGN_STYLE = Automatic;
				CURRENT_PROJECT_VERSION = 1;
				DEVELOPMENT_TEAM = 6ZT823VK2T;
				ENABLE_PREVIEWS = YES;
				GENERATE_INFOPLIST_FILE = YES;
				INFOPLIST_KEY_UIApplicationSceneManifest_Generation = YES;
				INFOPLIST_KEY_UIApplicationSupportsIndirectInputEvents = YES;
				INFOPLIST_KEY_UILaunchScreen_Generation = YES;
				INFOPLIST_KEY_UISupportedInterfaceOrientations_iPad = "UIInterfaceOrientationPortrait UIInterfaceOrientationPortraitUpsideDown UIInterfaceOrientationLandscapeLeft UIInterfaceOrientationLandscapeRight";
				INFOPLIST_KEY_UISupportedInterfaceOrientations_iPhone = "UIInterfaceOrientationPortrait UIInterfaceOrientationLandscapeLeft UIInterfaceOrientationLandscapeRight";
				IPHONEOS_DEPLOYMENT_TARGET = 15.2;
				LD_RUNPATH_SEARCH_PATHS = (
					"$(inherited)",
					"@executable_path/Frameworks",
				);
				MARKETING_VERSION = 1.0;
				PRODUCT_BUNDLE_IDENTIFIER = frank.mealplan;
				PRODUCT_NAME = mealplan;
				SDKROOT = iphoneos;
				SWIFT_EMIT_LOC_STRINGS = YES;
				SWIFT_VERSION = 5.0;
				TARGETED_DEVICE_FAMILY = "1,2";
			};
			name = Debug;
		};
		BDF76D6827E0240A0004C3EB /* Release */ = {
			isa = XCBuildConfiguration;
			buildSettings = {
				ASSETCATALOG_COMPILER_APPICON_NAME = AppIcon;
				ASSETCATALOG_COMPILER_GLOBAL_ACCENT_COLOR_NAME = AccentColor;
				CODE_SIGN_STYLE = Automatic;
				CURRENT_PROJECT_VERSION = 1;
				DEVELOPMENT_TEAM = 6ZT823VK2T;
				ENABLE_PREVIEWS = YES;
				GENERATE_INFOPLIST_FILE = YES;
				INFOPLIST_KEY_UIApplicationSceneManifest_Generation = YES;
				INFOPLIST_KEY_UIApplicationSupportsIndirectInputEvents = YES;
				INFOPLIST_KEY_UILaunchScreen_Generation = YES;
				INFOPLIST_KEY_UISupportedInterfaceOrientations_iPad = "UIInterfaceOrientationPortrait UIInterfaceOrientationPortraitUpsideDown UIInterfaceOrientationLandscapeLeft UIInterfaceOrientationLandscapeRight";
				INFOPLIST_KEY_UISupportedInterfaceOrientations_iPhone = "UIInterfaceOrientationPortrait UIInterfaceOrientationLandscapeLeft UIInterfaceOrientationLandscapeRight";
				IPHONEOS_DEPLOYMENT_TARGET = 15.2;
				LD_RUNPATH_SEARCH_PATHS = (
					"$(inherited)",
					"@executable_path/Frameworks",
				);
				MARKETING_VERSION = 1.0;
				PRODUCT_BUNDLE_IDENTIFIER = frank.mealplan;
				PRODUCT_NAME = mealplan;
				SDKROOT = iphoneos;
				SWIFT_EMIT_LOC_STRINGS = YES;
				SWIFT_VERSION = 5.0;
				TARGETED_DEVICE_FAMILY = "1,2";
				VALIDATE_PRODUCT = YES;
			};
			name = Release;
		};
		BDF76D6A27E0240A0004C3EB /* Debug */ = {
			isa = XCBuildConfiguration;
			buildSettings = {
				ASSETCATALOG_COMPILER_APPICON_NAME = AppIcon;
				ASSETCATALOG_COMPILER_GLOBAL_ACCENT_COLOR_NAME = AccentColor;
				CODE_SIGN_ENTITLEMENTS = macOS/macOS.entitlements;
				CODE_SIGN_STYLE = Automatic;
				COMBINE_HIDPI_IMAGES = YES;
				CURRENT_PROJECT_VERSION = 1;
				DEVELOPMENT_TEAM = 6ZT823VK2T;
				ENABLE_HARDENED_RUNTIME = YES;
				ENABLE_PREVIEWS = YES;
				GENERATE_INFOPLIST_FILE = YES;
				INFOPLIST_KEY_NSHumanReadableCopyright = "";
				LD_RUNPATH_SEARCH_PATHS = (
					"$(inherited)",
					"@executable_path/../Frameworks",
				);
				MACOSX_DEPLOYMENT_TARGET = 12.1;
				MARKETING_VERSION = 1.0;
				PRODUCT_BUNDLE_IDENTIFIER = frank.mealplan;
				PRODUCT_NAME = mealplan;
				SDKROOT = macosx;
				SWIFT_EMIT_LOC_STRINGS = YES;
				SWIFT_VERSION = 5.0;
			};
			name = Debug;
		};
		BDF76D6B27E0240A0004C3EB /* Release */ = {
			isa = XCBuildConfiguration;
			buildSettings = {
				ASSETCATALOG_COMPILER_APPICON_NAME = AppIcon;
				ASSETCATALOG_COMPILER_GLOBAL_ACCENT_COLOR_NAME = AccentColor;
				CODE_SIGN_ENTITLEMENTS = macOS/macOS.entitlements;
				CODE_SIGN_STYLE = Automatic;
				COMBINE_HIDPI_IMAGES = YES;
				CURRENT_PROJECT_VERSION = 1;
				DEVELOPMENT_TEAM = 6ZT823VK2T;
				ENABLE_HARDENED_RUNTIME = YES;
				ENABLE_PREVIEWS = YES;
				GENERATE_INFOPLIST_FILE = YES;
				INFOPLIST_KEY_NSHumanReadableCopyright = "";
				LD_RUNPATH_SEARCH_PATHS = (
					"$(inherited)",
					"@executable_path/../Frameworks",
				);
				MACOSX_DEPLOYMENT_TARGET = 12.1;
				MARKETING_VERSION = 1.0;
				PRODUCT_BUNDLE_IDENTIFIER = frank.mealplan;
				PRODUCT_NAME = mealplan;
				SDKROOT = macosx;
				SWIFT_EMIT_LOC_STRINGS = YES;
				SWIFT_VERSION = 5.0;
			};
			name = Release;
		};
/* End XCBuildConfiguration section */

/* Begin XCConfigurationList section */
		BDF76D4C27E024090004C3EB /* Build configuration list for PBXProject "mealplan" */ = {
			isa = XCConfigurationList;
			buildConfigurations = (
				BDF76D6427E0240A0004C3EB /* Debug */,
				BDF76D6527E0240A0004C3EB /* Release */,
			);
			defaultConfigurationIsVisible = 0;
			defaultConfigurationName = Release;
		};
		BDF76D6627E0240A0004C3EB /* Build configuration list for PBXNativeTarget "mealplan (iOS)" */ = {
			isa = XCConfigurationList;
			buildConfigurations = (
				BDF76D6727E0240A0004C3EB /* Debug */,
				BDF76D6827E0240A0004C3EB /* Release */,
			);
			defaultConfigurationIsVisible = 0;
			defaultConfigurationName = Release;
		};
		BDF76D6927E0240A0004C3EB /* Build configuration list for PBXNativeTarget "mealplan (macOS)" */ = {
			isa = XCConfigurationList;
			buildConfigurations = (
				BDF76D6A27E0240A0004C3EB /* Debug */,
				BDF76D6B27E0240A0004C3EB /* Release */,
			);
			defaultConfigurationIsVisible = 0;
			defaultConfigurationName = Release;
		};
/* End XCConfigurationList section */
	};
	rootObject = BDF76D4927E024090004C3EB /* Project object */;
}
